
Microsoft Visual Studio Solution File, Format Version 12.00
# Visual Studio Version 17
VisualStudioVersion = 17.2.32526.322
MinimumVisualStudioVersion = 10.0.40219.1
Project("{FAE04EC0-301F-11D3-BF4B-00C04F79EFBC}") = "BlazorClaimsRolesPolicy", "BlazorClaimsRolesPolicy\BlazorClaimsRolesPolicy.csproj", "{79F56058-A08F-44F9-8090-FD1D6F503540}"
EndProject
Global
	GlobalSection(SolutionConfigurationPlatforms) = preSolution
		Debug|Any CPU = Debug|Any CPU
		Release|Any CPU = Release|Any CPU
	EndGlobalSection
	GlobalSection(ProjectConfigurationPlatforms) = postSolution
		{79F56058-A08F-44F9-8090-FD1D6F503540}.Debug|Any CPU.ActiveCfg = Debug|Any CPU
		{79F56058-A08F-44F9-8090-FD1D6F503540}.Debug|Any CPU.Build.0 = Debug|Any CPU
		{79F56058-A08F-44F9-8090-FD1D6F503540}.Release|Any CPU.ActiveCfg = Release|Any CPU
		{79F56058-A08F-44F9-8090-FD1D6F503540}.Release|Any CPU.Build.0 = Release|Any CPU
	EndGlobalSection
	GlobalSection(SolutionProperties) = preSolution
		HideSolutionNode = FALSE
	EndGlobalSection
	GlobalSection(ExtensibilityGlobals) = postSolution
		SolutionGuid = {5C4FBD53-31AD-4F67-8738-368C0124423A}
	EndGlobalSection
EndGlobal
